// !$*UTF8*$!
{
	archiveVersion = 1;
	classes = {
	};
	objectVersion = 55;
	objects = {

/* Begin PBXBuildFile section */
		47D49744A882EA0008F71E7C /* Pods_ColormindAlamofire.framework in Frameworks */ = {isa = PBXBuildFile; fileRef = 1BD50FDA756A754A6EC88131 /* Pods_ColormindAlamofire.framework */; };
		E799CC3D28B246E500B60124 /* AppDelegate.swift in Sources */ = {isa = PBXBuildFile; fileRef = E799CC3C28B246E500B60124 /* AppDelegate.swift */; };
		E799CC3F28B246E500B60124 /* SceneDelegate.swift in Sources */ = {isa = PBXBuildFile; fileRef = E799CC3E28B246E500B60124 /* SceneDelegate.swift */; };
		E799CC4128B246E500B60124 /* ViewController.swift in Sources */ = {isa = PBXBuildFile; fileRef = E799CC4028B246E500B60124 /* ViewController.swift */; };
		E799CC4428B246E500B60124 /* Main.storyboard in Resources */ = {isa = PBXBuildFile; fileRef = E799CC4228B246E500B60124 /* Main.storyboard */; };
		E799CC4628B246E700B60124 /* Assets.xcassets in Resources */ = {isa = PBXBuildFile; fileRef = E799CC4528B246E700B60124 /* Assets.xcassets */; };
		E799CC4928B246E700B60124 /* LaunchScreen.storyboard in Resources */ = {isa = PBXBuildFile; fileRef = E799CC4728B246E700B60124 /* LaunchScreen.storyboard */; };
		E799CC5428B26E7100B60124 /* Palette.swift in Sources */ = {isa = PBXBuildFile; fileRef = E799CC5328B26E7100B60124 /* Palette.swift */; };
/* End PBXBuildFile section */

/* Begin PBXFileReference section */
		0D5851E035A2B7C8E56FEAF0 /* Pods-ColormindAlamofire.debug.xcconfig */ = {isa = PBXFileReference; includeInIndex = 1; lastKnownFileType = text.xcconfig; name = "Pods-ColormindAlamofire.debug.xcconfig"; path = "Target Support Files/Pods-ColormindAlamofire/Pods-ColormindAlamofire.debug.xcconfig"; sourceTree = "<group>"; };
		1BD50FDA756A754A6EC88131 /* Pods_ColormindAlamofire.framework */ = {isa = PBXFileReference; explicitFileType = wrapper.framework; includeInIndex = 0; path = Pods_ColormindAlamofire.framework; sourceTree = BUILT_PRODUCTS_DIR; };
		E799CC3928B246E500B60124 /* ColormindAlamofire.app */ = {isa = PBXFileReference; explicitFileType = wrapper.application; includeInIndex = 0; path = ColormindAlamofire.app; sourceTree = BUILT_PRODUCTS_DIR; };
		E799CC3C28B246E500B60124 /* AppDelegate.swift */ = {isa = PBXFileReference; lastKnownFileType = sourcecode.swift; path = AppDelegate.swift; sourceTree = "<group>"; };
		E799CC3E28B246E500B60124 /* SceneDelegate.swift */ = {isa = PBXFileReference; lastKnownFileType = sourcecode.swift; path = SceneDelegate.swift; sourceTree = "<group>"; };
		E799CC4028B246E500B60124 /* ViewController.swift */ = {isa = PBXFileReference; lastKnownFileType = sourcecode.swift; path = ViewController.swift; sourceTree = "<group>"; };
		E799CC4328B246E500B60124 /* Base */ = {isa = PBXFileReference; lastKnownFileType = file.storyboard; name = Base; path = Base.lproj/Main.storyboard; sourceTree = "<group>"; };
		E799CC4528B246E700B60124 /* Assets.xcassets */ = {isa = PBXFileReference; lastKnownFileType = folder.assetcatalog; path = Assets.xcassets; sourceTree = "<group>"; };
		E799CC4828B246E700B60124 /* Base */ = {isa = PBXFileReference; lastKnownFileType = file.storyboard; name = Base; path = Base.lproj/LaunchScreen.storyboard; sourceTree = "<group>"; };
		E799CC4A28B246E700B60124 /* Info.plist */ = {isa = PBXFileReference; lastKnownFileType = text.plist.xml; path = Info.plist; sourceTree = "<group>"; };
		E799CC5328B26E7100B60124 /* Palette.swift */ = {isa = PBXFileReference; lastKnownFileType = sourcecode.swift; path = Palette.swift; sourceTree = "<group>"; };
		E89A9FE0261F1E2EFBB1ABA5 /* Pods-ColormindAlamofire.release.xcconfig */ = {isa = PBXFileReference; includeInIndex = 1; lastKnownFileType = text.xcconfig; name = "Pods-ColormindAlamofire.release.xcconfig"; path = "Target Support Files/Pods-ColormindAlamofire/Pods-ColormindAlamofire.release.xcconfig"; sourceTree = "<group>"; };
/* End PBXFileReference section */

/* Begin PBXFrameworksBuildPhase section */
		E799CC3628B246E500B60124 /* Frameworks */ = {
			isa = PBXFrameworksBuildPhase;
			buildActionMask = 2147483647;
			files = (
				47D49744A882EA0008F71E7C /* Pods_ColormindAlamofire.framework in Frameworks */,
			);
			runOnlyForDeploymentPostprocessing = 0;
		};
/* End PBXFrameworksBuildPhase section */

/* Begin PBXGroup section */
		1E596848D15713FA2C718089 /* Frameworks */ = {
			isa = PBXGroup;
			children = (
				1BD50FDA756A754A6EC88131 /* Pods_ColormindAlamofire.framework */,
			);
			name = Frameworks;
			sourceTree = "<group>";
		};
		E3B4F90299A5AFDD9A35A068 /* Pods */ = {
			isa = PBXGroup;
			children = (
				0D5851E035A2B7C8E56FEAF0 /* Pods-ColormindAlamofire.debug.xcconfig */,
				E89A9FE0261F1E2EFBB1ABA5 /* Pods-ColormindAlamofire.release.xcconfig */,
			);
			path = Pods;
			sourceTree = "<group>";
		};
		E799CC3028B246E500B60124 = {
			isa = PBXGroup;
			children = (
				E799CC3B28B246E500B60124 /* ColormindAlamofire */,
				E799CC3A28B246E500B60124 /* Products */,
				E3B4F90299A5AFDD9A35A068 /* Pods */,
				1E596848D15713FA2C718089 /* Frameworks */,
			);
			sourceTree = "<group>";
		};
		E799CC3A28B246E500B60124 /* Products */ = {
			isa = PBXGroup;
			children = (
				E799CC3928B246E500B60124 /* ColormindAlamofire.app */,
			);
			name = Products;
			sourceTree = "<group>";
		};
		E799CC3B28B246E500B60124 /* ColormindAlamofire */ = {
			isa = PBXGroup;
			children = (
				E799CC5028B2487300B60124 /* SupportingFiles */,
				E799CC5528B26E7500B60124 /* Models */,
				E799CC5128B2489400B60124 /* Views */,
				E799CC5228B2489C00B60124 /* Controllers */,
				E799CC4528B246E700B60124 /* Assets.xcassets */,
			);
			path = ColormindAlamofire;
			sourceTree = "<group>";
		};
		E799CC5028B2487300B60124 /* SupportingFiles */ = {
			isa = PBXGroup;
			children = (
				E799CC3C28B246E500B60124 /* AppDelegate.swift */,
				E799CC3E28B246E500B60124 /* SceneDelegate.swift */,
				E799CC4A28B246E700B60124 /* Info.plist */,
			);
			path = SupportingFiles;
			sourceTree = "<group>";
		};
		E799CC5128B2489400B60124 /* Views */ = {
			isa = PBXGroup;
			children = (
				E799CC4228B246E500B60124 /* Main.storyboard */,
				E799CC4728B246E700B60124 /* LaunchScreen.storyboard */,
			);
			path = Views;
			sourceTree = "<group>";
		};
		E799CC5228B2489C00B60124 /* Controllers */ = {
			isa = PBXGroup;
			children = (
				E799CC4028B246E500B60124 /* ViewController.swift */,
			);
			path = Controllers;
			sourceTree = "<group>";
		};
		E799CC5528B26E7500B60124 /* Models */ = {
			isa = PBXGroup;
			children = (
				E799CC5328B26E7100B60124 /* Palette.swift */,
			);
			path = Models;
			sourceTree = "<group>";
		};
/* End PBXGroup section */

/* Begin PBXNativeTarget section */
		E799CC3828B246E500B60124 /* ColormindAlamofire */ = {
			isa = PBXNativeTarget;
			buildConfigurationList = E799CC4D28B246E700B60124 /* Build configuration list for PBXNativeTarget "ColormindAlamofire" */;
			buildPhases = (
				680462C826464458044F5790 /* [CP] Check Pods Manifest.lock */,
				E799CC3528B246E500B60124 /* Sources */,
				E799CC3628B246E500B60124 /* Frameworks */,
				E799CC3728B246E500B60124 /* Resources */,
				99D4AE2237B7914F2BD89AAD /* [CP] Embed Pods Frameworks */,
			);
			buildRules = (
			);
			dependencies = (
			);
			name = ColormindAlamofire;
			productName = ColormindAlamofire;
			productReference = E799CC3928B246E500B60124 /* ColormindAlamofire.app */;
			productType = "com.apple.product-type.application";
		};
/* End PBXNativeTarget section */

/* Begin PBXProject section */
		E799CC3128B246E500B60124 /* Project object */ = {
			isa = PBXProject;
			attributes = {
				BuildIndependentTargetsInParallel = 1;
				LastSwiftUpdateCheck = 1340;
				LastUpgradeCheck = 1340;
				TargetAttributes = {
					E799CC3828B246E500B60124 = {
						CreatedOnToolsVersion = 13.4.1;
					};
				};
			};
			buildConfigurationList = E799CC3428B246E500B60124 /* Build configuration list for PBXProject "ColormindAlamofire" */;
			compatibilityVersion = "Xcode 13.0";
			developmentRegion = en;
			hasScannedForEncodings = 0;
			knownRegions = (
				en,
				Base,
			);
			mainGroup = E799CC3028B246E500B60124;
			productRefGroup = E799CC3A28B246E500B60124 /* Products */;
			projectDirPath = "";
			projectRoot = "";
			targets = (
				E799CC3828B246E500B60124 /* ColormindAlamofire */,
			);
		};
/* End PBXProject section */

/* Begin PBXResourcesBuildPhase section */
		E799CC3728B246E500B60124 /* Resources */ = {
			isa = PBXResourcesBuildPhase;
			buildActionMask = 2147483647;
			files = (
				E799CC4928B246E700B60124 /* LaunchScreen.storyboard in Resources */,
				E799CC4628B246E700B60124 /* Assets.xcassets in Resources */,
				E799CC4428B246E500B60124 /* Main.storyboard in Resources */,
			);
			runOnlyForDeploymentPostprocessing = 0;
		};
/* End PBXResourcesBuildPhase section */

/* Begin PBXShellScriptBuildPhase section */
		680462C826464458044F5790 /* [CP] Check Pods Manifest.lock */ = {
			isa = PBXShellScriptBuildPhase;
			buildActionMask = 2147483647;
			files = (
			);
			inputFileListPaths = (
			);
			inputPaths = (
				"${PODS_PODFILE_DIR_PATH}/Podfile.lock",
				"${PODS_ROOT}/Manifest.lock",
			);
			name = "[CP] Check Pods Manifest.lock";
			outputFileListPaths = (
			);
			outputPaths = (
				"$(DERIVED_FILE_DIR)/Pods-ColormindAlamofire-checkManifestLockResult.txt",
			);
			runOnlyForDeploymentPostprocessing = 0;
			shellPath = /bin/sh;
			shellScript = "diff \"${PODS_PODFILE_DIR_PATH}/Podfile.lock\" \"${PODS_ROOT}/Manifest.lock\" > /dev/null\nif [ $? != 0 ] ; then\n    # print error to STDERR\n    echo \"error: The sandbox is not in sync with the Podfile.lock. Run 'pod install' or update your CocoaPods installation.\" >&2\n    exit 1\nfi\n# This output is used by Xcode 'outputs' to avoid re-running this script phase.\necho \"SUCCESS\" > \"${SCRIPT_OUTPUT_FILE_0}\"\n";
			showEnvVarsInLog = 0;
		};
		99D4AE2237B7914F2BD89AAD /* [CP] Embed Pods Frameworks */ = {
			isa = PBXShellScriptBuildPhase;
			buildActionMask = 2147483647;
			files = (
			);
			inputFileListPaths = (
				"${PODS_ROOT}/Target Support Files/Pods-ColormindAlamofire/Pods-ColormindAlamofire-frameworks-${CONFIGURATION}-input-files.xcfilelist",
			);
			name = "[CP] Embed Pods Frameworks";
			outputFileListPaths = (
				"${PODS_ROOT}/Target Support Files/Pods-ColormindAlamofire/Pods-ColormindAlamofire-frameworks-${CONFIGURATION}-output-files.xcfilelist",
			);
			runOnlyForDeploymentPostprocessing = 0;
			shellPath = /bin/sh;
			shellScript = "\"${PODS_ROOT}/Target Support Files/Pods-ColormindAlamofire/Pods-ColormindAlamofire-frameworks.sh\"\n";
			showEnvVarsInLog = 0;
		};
/* End PBXShellScriptBuildPhase section */

/* Begin PBXSourcesBuildPhase section */
		E799CC3528B246E500B60124 /* Sources */ = {
			isa = PBXSourcesBuildPhase;
			buildActionMask = 2147483647;
			files = (
				E799CC4128B246E500B60124 /* ViewController.swift in Sources */,
				E799CC3D28B246E500B60124 /* AppDelegate.swift in Sources */,
				E799CC3F28B246E500B60124 /* SceneDelegate.swift in Sources */,
				E799CC5428B26E7100B60124 /* Palette.swift in Sources */,
			);
			runOnlyForDeploymentPostprocessing = 0;
		};
/* End PBXSourcesBuildPhase section */

/* Begin PBXVariantGroup section */
		E799CC4228B246E500B60124 /* Main.storyboard */ = {
			isa = PBXVariantGroup;
			children = (
				E799CC4328B246E500B60124 /* Base */,
			);
			name = Main.storyboard;
			sourceTree = "<group>";
		};
		E799CC4728B246E700B60124 /* LaunchScreen.storyboard */ = {
			isa = PBXVariantGroup;
			children = (
				E799CC4828B246E700B60124 /* Base */,
			);
			name = LaunchScreen.storyboard;
			sourceTree = "<group>";
		};
/* End PBXVariantGroup section */

/* Begin XCBuildConfiguration section */
		E799CC4B28B246E700B60124 /* Debug */ = {
			isa = XCBuildConfiguration;
			buildSettings = {
				ALWAYS_SEARCH_USER_PATHS = NO;
				CLANG_ANALYZER_NONNULL = YES;
				CLANG_ANALYZER_NUMBER_OBJECT_CONVERSION = YES_AGGRESSIVE;
				CLANG_CXX_LANGUAGE_STANDARD = "gnu++17";
				CLANG_ENABLE_MODULES = YES;
				CLANG_ENABLE_OBJC_ARC = YES;
				CLANG_ENABLE_OBJC_WEAK = YES;
				CLANG_WARN_BLOCK_CAPTURE_AUTORELEASING = YES;
				CLANG_WARN_BOOL_CONVERSION = YES;
				CLANG_WARN_COMMA = YES;
				CLANG_WARN_CONSTANT_CONVERSION = YES;
				CLANG_WARN_DEPRECATED_OBJC_IMPLEMENTATIONS = YES;
				CLANG_WARN_DIRECT_OBJC_ISA_USAGE = YES_ERROR;
				CLANG_WARN_DOCUMENTATION_COMMENTS = YES;
				CLANG_WARN_EMPTY_BODY = YES;
				CLANG_WARN_ENUM_CONVERSION = YES;
				CLANG_WARN_INFINITE_RECURSION = YES;
				CLANG_WARN_INT_CONVERSION = YES;
				CLANG_WARN_NON_LITERAL_NULL_CONVERSION = YES;
				CLANG_WARN_OBJC_IMPLICIT_RETAIN_SELF = YES;
				CLANG_WARN_OBJC_LITERAL_CONVERSION = YES;
				CLANG_WARN_OBJC_ROOT_CLASS = YES_ERROR;
				CLANG_WARN_QUOTED_INCLUDE_IN_FRAMEWORK_HEADER = YES;
				CLANG_WARN_RANGE_LOOP_ANALYSIS = YES;
				CLANG_WARN_STRICT_PROTOTYPES = YES;
				CLANG_WARN_SUSPICIOUS_MOVE = YES;
				CLANG_WARN_UNGUARDED_AVAILABILITY = YES_AGGRESSIVE;
				CLANG_WARN_UNREACHABLE_CODE = YES;
				CLANG_WARN__DUPLICATE_METHOD_MATCH = YES;
				COPY_PHASE_STRIP = NO;
				DEBUG_INFORMATION_FORMAT = dwarf;
				ENABLE_STRICT_OBJC_MSGSEND = YES;
				ENABLE_TESTABILITY = YES;
				GCC_C_LANGUAGE_STANDARD = gnu11;
				GCC_DYNAMIC_NO_PIC = NO;
				GCC_NO_COMMON_BLOCKS = YES;
				GCC_OPTIMIZATION_LEVEL = 0;
				GCC_PREPROCESSOR_DEFINITIONS = (
					"DEBUG=1",
					"$(inherited)",
				);
				GCC_WARN_64_TO_32_BIT_CONVERSION = YES;
				GCC_WARN_ABOUT_RETURN_TYPE = YES_ERROR;
				GCC_WARN_UNDECLARED_SELECTOR = YES;
				GCC_WARN_UNINITIALIZED_AUTOS = YES_AGGRESSIVE;
				GCC_WARN_UNUSED_FUNCTION = YES;
				GCC_WARN_UNUSED_VARIABLE = YES;
				IPHONEOS_DEPLOYMENT_TARGET = 15.5;
				MTL_ENABLE_DEBUG_INFO = INCLUDE_SOURCE;
				MTL_FAST_MATH = YES;
				ONLY_ACTIVE_ARCH = YES;
				SDKROOT = iphoneos;
				SWIFT_ACTIVE_COMPILATION_CONDITIONS = DEBUG;
				SWIFT_OPTIMIZATION_LEVEL = "-Onone";
			};
			name = Debug;
		};
		E799CC4C28B246E700B60124 /* Release */ = {
			isa = XCBuildConfiguration;
			buildSettings = {
				ALWAYS_SEARCH_USER_PATHS = NO;
				CLANG_ANALYZER_NONNULL = YES;
				CLANG_ANALYZER_NUMBER_OBJECT_CONVERSION = YES_AGGRESSIVE;
				CLANG_CXX_LANGUAGE_STANDARD = "gnu++17";
				CLANG_ENABLE_MODULES = YES;
				CLANG_ENABLE_OBJC_ARC = YES;
				CLANG_ENABLE_OBJC_WEAK = YES;
				CLANG_WARN_BLOCK_CAPTURE_AUTORELEASING = YES;
				CLANG_WARN_BOOL_CONVERSION = YES;
				CLANG_WARN_COMMA = YES;
				CLANG_WARN_CONSTANT_CONVERSION = YES;
				CLANG_WARN_DEPRECATED_OBJC_IMPLEMENTATIONS = YES;
				CLANG_WARN_DIRECT_OBJC_ISA_USAGE = YES_ERROR;
				CLANG_WARN_DOCUMENTATION_COMMENTS = YES;
				CLANG_WARN_EMPTY_BODY = YES;
				CLANG_WARN_ENUM_CONVERSION = YES;
				CLANG_WARN_INFINITE_RECURSION = YES;
				CLANG_WARN_INT_CONVERSION = YES;
				CLANG_WARN_NON_LITERAL_NULL_CONVERSION = YES;
				CLANG_WARN_OBJC_IMPLICIT_RETAIN_SELF = YES;
				CLANG_WARN_OBJC_LITERAL_CONVERSION = YES;
				CLANG_WARN_OBJC_ROOT_CLASS = YES_ERROR;
				CLANG_WARN_QUOTED_INCLUDE_IN_FRAMEWORK_HEADER = YES;
				CLANG_WARN_RANGE_LOOP_ANALYSIS = YES;
				CLANG_WARN_STRICT_PROTOTYPES = YES;
				CLANG_WARN_SUSPICIOUS_MOVE = YES;
				CLANG_WARN_UNGUARDED_AVAILABILITY = YES_AGGRESSIVE;
				CLANG_WARN_UNREACHABLE_CODE = YES;
				CLANG_WARN__DUPLICATE_METHOD_MATCH = YES;
				COPY_PHASE_STRIP = NO;
				DEBUG_INFORMATION_FORMAT = "dwarf-with-dsym";
				ENABLE_NS_ASSERTIONS = NO;
				ENABLE_STRICT_OBJC_MSGSEND = YES;
				GCC_C_LANGUAGE_STANDARD = gnu11;
				GCC_NO_COMMON_BLOCKS = YES;
				GCC_WARN_64_TO_32_BIT_CONVERSION = YES;
				GCC_WARN_ABOUT_RETURN_TYPE = YES_ERROR;
				GCC_WARN_UNDECLARED_SELECTOR = YES;
				GCC_WARN_UNINITIALIZED_AUTOS = YES_AGGRESSIVE;
				GCC_WARN_UNUSED_FUNCTION = YES;
				GCC_WARN_UNUSED_VARIABLE = YES;
				IPHONEOS_DEPLOYMENT_TARGET = 15.5;
				MTL_ENABLE_DEBUG_INFO = NO;
				MTL_FAST_MATH = YES;
				SDKROOT = iphoneos;
				SWIFT_COMPILATION_MODE = wholemodule;
				SWIFT_OPTIMIZATION_LEVEL = "-O";
				VALIDATE_PRODUCT = YES;
			};
			name = Release;
		};
		E799CC4E28B246E700B60124 /* Debug */ = {
			isa = XCBuildConfiguration;
			baseConfigurationReference = 0D5851E035A2B7C8E56FEAF0 /* Pods-ColormindAlamofire.debug.xcconfig */;
			buildSettings = {
				ASSETCATALOG_COMPILER_APPICON_NAME = AppIcon;
				ASSETCATALOG_COMPILER_GLOBAL_ACCENT_COLOR_NAME = AccentColor;
				CODE_SIGN_STYLE = Automatic;
				CURRENT_PROJECT_VERSION = 1;
				DEVELOPMENT_TEAM = ZG8HC24927;
				GENERATE_INFOPLIST_FILE = YES;
				INFOPLIST_FILE = ColormindAlamofire/SupportingFiles/Info.plist;
				INFOPLIST_KEY_UIApplicationSupportsIndirectInputEvents = YES;
				INFOPLIST_KEY_UILaunchStoryboardName = LaunchScreen;
				INFOPLIST_KEY_UIMainStoryboardFile = Main;
				INFOPLIST_KEY_UISupportedInterfaceOrientations_iPad = "UIInterfaceOrientationPortrait UIInterfaceOrientationPortraitUpsideDown UIInterfaceOrientationLandscapeLeft UIInterfaceOrientationLandscapeRight";
				INFOPLIST_KEY_UISupportedInterfaceOrientations_iPhone = "UIInterfaceOrientationPortrait UIInterfaceOrientationLandscapeLeft UIInterfaceOrientationLandscapeRight";
				LD_RUNPATH_SEARCH_PATHS = (
					"$(inherited)",
					"@executable_path/Frameworks",
				);
				MARKETING_VERSION = 1.0;
				PRODUCT_BUNDLE_IDENTIFIER = ru.suslovaleksey.ColormindAlamofire;
				PRODUCT_NAME = "$(TARGET_NAME)";
				SWIFT_EMIT_LOC_STRINGS = YES;
				SWIFT_VERSION = 5.0;
				TARGETED_DEVICE_FAMILY = 1;
			};
			name = Debug;
		};
		E799CC4F28B246E700B60124 /* Release */ = {
			isa = XCBuildConfiguration;
			baseConfigurationReference = E89A9FE0261F1E2EFBB1ABA5 /* Pods-ColormindAlamofire.release.xcconfig */;
			buildSettings = {
				ASSETCATALOG_COMPILER_APPICON_NAME = AppIcon;
				ASSETCATALOG_COMPILER_GLOBAL_ACCENT_COLOR_NAME = AccentColor;
				CODE_SIGN_STYLE = Automatic;
				CURRENT_PROJECT_VERSION = 1;
				DEVELOPMENT_TEAM = ZG8HC24927;
				GENERATE_INFOPLIST_FILE = YES;
				INFOPLIST_FILE = ColormindAlamofire/SupportingFiles/Info.plist;
				INFOPLIST_KEY_UIApplicationSupportsIndirectInputEvents = YES;
				INFOPLIST_KEY_UILaunchStoryboardName = LaunchScreen;
				INFOPLIST_KEY_UIMainStoryboardFile = Main;
				INFOPLIST_KEY_UISupportedInterfaceOrientations_iPad = "UIInterfaceOrientationPortrait UIInterfaceOrientationPortraitUpsideDown UIInterfaceOrientationLandscapeLeft UIInterfaceOrientationLandscapeRight";
				INFOPLIST_KEY_UISupportedInterfaceOrientations_iPhone = "UIInterfaceOrientationPortrait UIInterfaceOrientationLandscapeLeft UIInterfaceOrientationLandscapeRight";
				LD_RUNPATH_SEARCH_PATHS = (
					"$(inherited)",
					"@executable_path/Frameworks",
				);
				MARKETING_VERSION = 1.0;
				PRODUCT_BUNDLE_IDENTIFIER = ru.suslovaleksey.ColormindAlamofire;
				PRODUCT_NAME = "$(TARGET_NAME)";
				SWIFT_EMIT_LOC_STRINGS = YES;
				SWIFT_VERSION = 5.0;
				TARGETED_DEVICE_FAMILY = 1;
			};
			name = Release;
		};
/* End XCBuildConfiguration section */

/* Begin XCConfigurationList section */
		E799CC3428B246E500B60124 /* Build configuration list for PBXProject "ColormindAlamofire" */ = {
			isa = XCConfigurationList;
			buildConfigurations = (
				E799CC4B28B246E700B60124 /* Debug */,
				E799CC4C28B246E700B60124 /* Release */,
			);
			defaultConfigurationIsVisible = 0;
			defaultConfigurationName = Release;
		};
		E799CC4D28B246E700B60124 /* Build configuration list for PBXNativeTarget "ColormindAlamofire" */ = {
			isa = XCConfigurationList;
			buildConfigurations = (
				E799CC4E28B246E700B60124 /* Debug */,
				E799CC4F28B246E700B60124 /* Release */,
			);
			defaultConfigurationIsVisible = 0;
			defaultConfigurationName = Release;
		};
/* End XCConfigurationList section */
	};
	rootObject = E799CC3128B246E500B60124 /* Project object */;
}
